{
  "name": "sketches",
  "lockfileVersion": 2,
  "requires": true,
  "packages": {
    "": {
      "dependencies": {
        "riso-colors": "^1.0.1"
      }
    },
    "node_modules/riso-colors": {
      "version": "1.0.1",
      "resolved": "https://registry.npmjs.org/riso-colors/-/riso-colors-1.0.1.tgz",
      "integrity": "sha512-foLj2eUiyft2hOe7PzsT9qcT+zLnkw3pGesPQv6JG93OJ0+1J0fdCwdtwxDDCqnYDdgRatKbrb0qhB95vhZ2wQ=="
    }
  },
  "dependencies": {
    "riso-colors": {
      "version": "1.0.1",
      "resolved": "https://registry.npmjs.org/riso-colors/-/riso-colors-1.0.1.tgz",
      "integrity": "sha512-foLj2eUiyft2hOe7PzsT9qcT+zLnkw3pGesPQv6JG93OJ0+1J0fdCwdtwxDDCqnYDdgRatKbrb0qhB95vhZ2wQ=="
    }
  }
}
